
Microsoft Visual Studio Solution File, Format Version 12.00
# Visual Studio Version 16
VisualStudioVersion = 16.0.31402.337
MinimumVisualStudioVersion = 10.0.40219.1
Project("{FAE04EC0-301F-11D3-BF4B-00C04F79EFBC}") = "WineDBInterfaCe", "WineDBInterfaCe\WineDBInterfaCe.csproj", "{5898C755-D582-4E8C-9AF0-6C9545E51B80}"
EndProject
Global
	GlobalSection(SolutionConfigurationPlatforms) = preSolution
		Debug|Any CPU = Debug|Any CPU
		Release|Any CPU = Release|Any CPU
	EndGlobalSection
	GlobalSection(ProjectConfigurationPlatforms) = postSolution
		{5898C755-D582-4E8C-9AF0-6C9545E51B80}.Debug|Any CPU.ActiveCfg = Debug|Any CPU
		{5898C755-D582-4E8C-9AF0-6C9545E51B80}.Debug|Any CPU.Build.0 = Debug|Any CPU
		{5898C755-D582-4E8C-9AF0-6C9545E51B80}.Release|Any CPU.ActiveCfg = Release|Any CPU
		{5898C755-D582-4E8C-9AF0-6C9545E51B80}.Release|Any CPU.Build.0 = Release|Any CPU
	EndGlobalSection
	GlobalSection(SolutionProperties) = preSolution
		HideSolutionNode = FALSE
	EndGlobalSection
	GlobalSection(ExtensibilityGlobals) = postSolution
		SolutionGuid = {51335D41-EF7E-41D6-9969-3D9BF9A294A6}
	EndGlobalSection
EndGlobal
